PODS:
  - Flutter (1.0.0)
  - Redlink (1.1.11):
    - SQLite.swift (= 0.13.2)
  - redlink_flutter_sdk (1.1.4):
    - Flutter
    - Redlink (= 1.1.11)
  - SQLite.swift (0.13.2):
    - SQLite.swift/standard (= 0.13.2)
  - SQLite.swift/standard (0.13.2)

DEPENDENCIES:
  - Flutter (from `Flutter`)
  - Redlink (~> 1.1.11)
  - redlink_flutter_sdk (from `.symlinks/plugins/redlink_flutter_sdk/ios`)

SPEC REPOS:
  trunk:
    - Redlink
    - SQLite.swift

EXTERNAL SOURCES:
  Flutter:
    :path: Flutter
  redlink_flutter_sdk:
    :path: ".symlinks/plugins/redlink_flutter_sdk/ios"

SPEC CHECKSUMS:
  Flutter: 50d75fe2f02b26cc09d224853bb45737f8b3214a
  Redlink: 8e5af34516979fefd618ab345c6587d550adbd88
  redlink_flutter_sdk: c7d0341f7c4d8891ecd0ec6c42e574dc6844be29
  SQLite.swift: 4fc2be46c36392e3b87afe6fe7f1801c1daa07ef

PODFILE CHECKSUM: 348f1038fc4b4335784c0b4abac147f7d6b0d9ce

COCOAPODS: 1.11.2
