PODS:
  - Flutter (1.0.0)
  - Redlink (1.1.17):
    - SQLite.swift (= 0.15.3)
  - redlink_flutter_sdk (1.3.1):
    - Flutter
    - Redlink (= 1.1.17)
  - SQLite.swift (0.15.3):
    - SQLite.swift/standard (= 0.15.3)
  - SQLite.swift/standard (0.15.3)

DEPENDENCIES:
  - Flutter (from `Flutter`)
  - Redlink
  - redlink_flutter_sdk (from `.symlinks/plugins/redlink_flutter_sdk/ios`)

SPEC REPOS:
  trunk:
    - Redlink
    - SQLite.swift

EXTERNAL SOURCES:
  Flutter:
    :path: Flutter
  redlink_flutter_sdk:
    :path: ".symlinks/plugins/redlink_flutter_sdk/ios"

SPEC CHECKSUMS:
  Flutter: e0871f40cf51350855a761d2e70bf5af5b9b5de7
  Redlink: c40ed550e4b1125a614dc827be5f6f5318906e37
  redlink_flutter_sdk: 82b8f4ee6536efd7379e24a1d08f586dfa1b3559
  SQLite.swift: 8d054987f02728cc912b0eb5a9659650573a65a2

PODFILE CHECKSUM: 5be516d04909c1050c362d86817222346fd25628

COCOAPODS: 1.16.2
