PODS:
  - Flutter (1.0.0)
  - Redlink (1.1.9):
    - SQLite.swift (= 0.11.5)
  - redlink_flutter_sdk (0.0.1):
    - Flutter
    - Redlink (= 1.1.9)
  - SQLite.swift (0.11.5):
    - SQLite.swift/standard (= 0.11.5)
  - SQLite.swift/standard (0.11.5)

DEPENDENCIES:
  - Flutter (from `Flutter`)
  - Redlink (~> 1.1.9)
  - redlink_flutter_sdk (from `.symlinks/plugins/redlink_flutter_sdk/ios`)

SPEC REPOS:
  trunk:
    - Redlink
    - SQLite.swift

EXTERNAL SOURCES:
  Flutter:
    :path: Flutter
  redlink_flutter_sdk:
    :path: ".symlinks/plugins/redlink_flutter_sdk/ios"

SPEC CHECKSUMS:
  Flutter: 434fef37c0980e73bb6479ef766c45957d4b510c
  Redlink: 9993bda7f34558272c3035e8152fa5baceed820f
  redlink_flutter_sdk: bbd57f5fab143af193980e73be9bbdeae3ed4081
  SQLite.swift: 6e5356850bb1791459f8c16d6ee9195b28714a2e

PODFILE CHECKSUM: 04734f75748e8bfa6a4a75b619ade2ab7b30e9b4

COCOAPODS: 1.11.2
